
Microsoft Visual Studio Solution File, Format Version 12.00
# Visual Studio 14
VisualStudioVersion = 14.0.25420.1
MinimumVisualStudioVersion = 10.0.40219.1
Project("{FAE04EC0-301F-11D3-BF4B-00C04F79EFBC}") = "PumasUNAH.Wed", "PumasUNAH.Wed\PumasUNAH.Wed.csproj", "{4FD6185F-627A-4810-84DC-67003A047C7B}"
EndProject
Project("{FAE04EC0-301F-11D3-BF4B-00C04F79EFBC}") = "PumasUnah.WedAdmin", "PumasUnah.WedAdmin\PumasUnah.WedAdmin.csproj", "{2882CCAA-0AA8-4C86-AF33-1B4180FB5312}"
EndProject
Project("{FAE04EC0-301F-11D3-BF4B-00C04F79EFBC}") = "PumasUnah.BL", "PumasUnah.BL\PumasUnah.BL.csproj", "{5413ADD1-0C59-4DF8-B53F-27F6EA72B70F}"
EndProject
Project("{FAE04EC0-301F-11D3-BF4B-00C04F79EFBC}") = "PumasUnah.Win", "PumasUnah.Win\PumasUnah.Win.csproj", "{B8B191AD-75AC-4F68-9334-2AAFB7D99C40}"
EndProject
Global
	GlobalSection(SolutionConfigurationPlatforms) = preSolution
		Debug|Any CPU = Debug|Any CPU
		Release|Any CPU = Release|Any CPU
	EndGlobalSection
	GlobalSection(ProjectConfigurationPlatforms) = postSolution
		{4FD6185F-627A-4810-84DC-67003A047C7B}.Debug|Any CPU.ActiveCfg = Debug|Any CPU
		{4FD6185F-627A-4810-84DC-67003A047C7B}.Debug|Any CPU.Build.0 = Debug|Any CPU
		{4FD6185F-627A-4810-84DC-67003A047C7B}.Release|Any CPU.ActiveCfg = Release|Any CPU
		{4FD6185F-627A-4810-84DC-67003A047C7B}.Release|Any CPU.Build.0 = Release|Any CPU
		{2882CCAA-0AA8-4C86-AF33-1B4180FB5312}.Debug|Any CPU.ActiveCfg = Debug|Any CPU
		{2882CCAA-0AA8-4C86-AF33-1B4180FB5312}.Debug|Any CPU.Build.0 = Debug|Any CPU
		{2882CCAA-0AA8-4C86-AF33-1B4180FB5312}.Release|Any CPU.ActiveCfg = Release|Any CPU
		{2882CCAA-0AA8-4C86-AF33-1B4180FB5312}.Release|Any CPU.Build.0 = Release|Any CPU
		{5413ADD1-0C59-4DF8-B53F-27F6EA72B70F}.Debug|Any CPU.ActiveCfg = Debug|Any CPU
		{5413ADD1-0C59-4DF8-B53F-27F6EA72B70F}.Debug|Any CPU.Build.0 = Debug|Any CPU
		{5413ADD1-0C59-4DF8-B53F-27F6EA72B70F}.Release|Any CPU.ActiveCfg = Release|Any CPU
		{5413ADD1-0C59-4DF8-B53F-27F6EA72B70F}.Release|Any CPU.Build.0 = Release|Any CPU
		{B8B191AD-75AC-4F68-9334-2AAFB7D99C40}.Debug|Any CPU.ActiveCfg = Debug|Any CPU
		{B8B191AD-75AC-4F68-9334-2AAFB7D99C40}.Debug|Any CPU.Build.0 = Debug|Any CPU
		{B8B191AD-75AC-4F68-9334-2AAFB7D99C40}.Release|Any CPU.ActiveCfg = Release|Any CPU
		{B8B191AD-75AC-4F68-9334-2AAFB7D99C40}.Release|Any CPU.Build.0 = Release|Any CPU
	EndGlobalSection
	GlobalSection(SolutionProperties) = preSolution
		HideSolutionNode = FALSE
	EndGlobalSection
EndGlobal
